// !$*UTF8*$!
{
	archiveVersion = 1;
	classes = {
	};
	objectVersion = 50;
	objects = {

/* Begin PBXBuildFile section */
		A20105F3269D39EF001696C0 /* TestView.swift in Sources */ = {isa = PBXBuildFile; fileRef = A20105F2269D39EF001696C0 /* TestView.swift */; };
		A22258B4269CDB0100F284A2 /* AppDelegate.swift in Sources */ = {isa = PBXBuildFile; fileRef = A22258B3269CDB0100F284A2 /* AppDelegate.swift */; };
		A22258B6269CDB0100F284A2 /* ContentView.swift in Sources */ = {isa = PBXBuildFile; fileRef = A22258B5269CDB0100F284A2 /* ContentView.swift */; };
		A22258B8269CDB0200F284A2 /* Assets.xcassets in Resources */ = {isa = PBXBuildFile; fileRef = A22258B7269CDB0200F284A2 /* Assets.xcassets */; };
		A22258BB269CDB0200F284A2 /* Preview Assets.xcassets in Resources */ = {isa = PBXBuildFile; fileRef = A22258BA269CDB0200F284A2 /* Preview Assets.xcassets */; };
		A22258BE269CDB0200F284A2 /* Main.storyboard in Resources */ = {isa = PBXBuildFile; fileRef = A22258BC269CDB0200F284A2 /* Main.storyboard */; };
		A22258C5269CDB5F00F284A2 /* helper.swift in Sources */ = {isa = PBXBuildFile; fileRef = A22258C4269CDB5F00F284A2 /* helper.swift */; };
/* End PBXBuildFile section */

/* Begin PBXFileReference section */
		A20105F2269D39EF001696C0 /* TestView.swift */ = {isa = PBXFileReference; lastKnownFileType = sourcecode.swift; path = TestView.swift; sourceTree = "<group>"; };
		A22258B1269CDB0100F284A2 /* AssetID.app */ = {isa = PBXFileReference; explicitFileType = wrapper.application; includeInIndex = 0; path = AssetID.app; sourceTree = BUILT_PRODUCTS_DIR; };
		A22258B3269CDB0100F284A2 /* AppDelegate.swift */ = {isa = PBXFileReference; lastKnownFileType = sourcecode.swift; path = AppDelegate.swift; sourceTree = "<group>"; };
		A22258B5269CDB0100F284A2 /* ContentView.swift */ = {isa = PBXFileReference; lastKnownFileType = sourcecode.swift; path = ContentView.swift; sourceTree = "<group>"; };
		A22258B7269CDB0200F284A2 /* Assets.xcassets */ = {isa = PBXFileReference; lastKnownFileType = folder.assetcatalog; path = Assets.xcassets; sourceTree = "<group>"; };
		A22258BA269CDB0200F284A2 /* Preview Assets.xcassets */ = {isa = PBXFileReference; lastKnownFileType = folder.assetcatalog; path = "Preview Assets.xcassets"; sourceTree = "<group>"; };
		A22258BD269CDB0200F284A2 /* Base */ = {isa = PBXFileReference; lastKnownFileType = file.storyboard; name = Base; path = Base.lproj/Main.storyboard; sourceTree = "<group>"; };
		A22258BF269CDB0200F284A2 /* Info.plist */ = {isa = PBXFileReference; lastKnownFileType = text.plist.xml; path = Info.plist; sourceTree = "<group>"; };
		A22258C0269CDB0200F284A2 /* SoyuzMac_Mac.entitlements */ = {isa = PBXFileReference; lastKnownFileType = text.plist.entitlements; path = SoyuzMac_Mac.entitlements; sourceTree = "<group>"; };
		A22258C4269CDB5F00F284A2 /* helper.swift */ = {isa = PBXFileReference; lastKnownFileType = sourcecode.swift; path = helper.swift; sourceTree = "<group>"; };
/* End PBXFileReference section */

/* Begin PBXFrameworksBuildPhase section */
		A22258AE269CDB0100F284A2 /* Frameworks */ = {
			isa = PBXFrameworksBuildPhase;
			buildActionMask = 2147483647;
			files = (
			);
			runOnlyForDeploymentPostprocessing = 0;
		};
/* End PBXFrameworksBuildPhase section */

/* Begin PBXGroup section */
		A222588D269CDA8000F284A2 = {
			isa = PBXGroup;
			children = (
				A22258B2269CDB0100F284A2 /* SoyuzMac_Mac */,
				A2225897269CDA8000F284A2 /* Products */,
			);
			sourceTree = "<group>";
		};
		A2225897269CDA8000F284A2 /* Products */ = {
			isa = PBXGroup;
			children = (
				A22258B1269CDB0100F284A2 /* AssetID.app */,
			);
			name = Products;
			sourceTree = "<group>";
		};
		A22258B2269CDB0100F284A2 /* SoyuzMac_Mac */ = {
			isa = PBXGroup;
			children = (
				A22258B3269CDB0100F284A2 /* AppDelegate.swift */,
				A22258B5269CDB0100F284A2 /* ContentView.swift */,
				A22258B7269CDB0200F284A2 /* Assets.xcassets */,
				A22258BC269CDB0200F284A2 /* Main.storyboard */,
				A22258BF269CDB0200F284A2 /* Info.plist */,
				A22258C0269CDB0200F284A2 /* SoyuzMac_Mac.entitlements */,
				A22258B9269CDB0200F284A2 /* Preview Content */,
				A22258C4269CDB5F00F284A2 /* helper.swift */,
				A20105F2269D39EF001696C0 /* TestView.swift */,
			);
			path = SoyuzMac_Mac;
			sourceTree = "<group>";
		};
		A22258B9269CDB0200F284A2 /* Preview Content */ = {
			isa = PBXGroup;
			children = (
				A22258BA269CDB0200F284A2 /* Preview Assets.xcassets */,
			);
			path = "Preview Content";
			sourceTree = "<group>";
		};
/* End PBXGroup section */

/* Begin PBXNativeTarget section */
		A22258B0269CDB0100F284A2 /* AssetID */ = {
			isa = PBXNativeTarget;
			buildConfigurationList = A22258C1269CDB0200F284A2 /* Build configuration list for PBXNativeTarget "AssetID" */;
			buildPhases = (
				A22258AD269CDB0100F284A2 /* Sources */,
				A22258AE269CDB0100F284A2 /* Frameworks */,
				A22258AF269CDB0100F284A2 /* Resources */,
			);
			buildRules = (
			);
			dependencies = (
			);
			name = AssetID;
			productName = SoyuzMac_Mac;
			productReference = A22258B1269CDB0100F284A2 /* AssetID.app */;
			productType = "com.apple.product-type.application";
		};
/* End PBXNativeTarget section */

/* Begin PBXProject section */
		A222588E269CDA8000F284A2 /* Project object */ = {
			isa = PBXProject;
			attributes = {
				LastSwiftUpdateCheck = 1250;
				LastUpgradeCheck = 1250;
				TargetAttributes = {
					A22258B0269CDB0100F284A2 = {
						CreatedOnToolsVersion = 12.5.1;
					};
				};
			};
			buildConfigurationList = A2225891269CDA8000F284A2 /* Build configuration list for PBXProject "AssetID Mac" */;
			compatibilityVersion = "Xcode 9.3";
			developmentRegion = en;
			hasScannedForEncodings = 0;
			knownRegions = (
				en,
				Base,
			);
			mainGroup = A222588D269CDA8000F284A2;
			productRefGroup = A2225897269CDA8000F284A2 /* Products */;
			projectDirPath = "";
			projectRoot = "";
			targets = (
				A22258B0269CDB0100F284A2 /* AssetID */,
			);
		};
/* End PBXProject section */

/* Begin PBXResourcesBuildPhase section */
		A22258AF269CDB0100F284A2 /* Resources */ = {
			isa = PBXResourcesBuildPhase;
			buildActionMask = 2147483647;
			files = (
				A22258BE269CDB0200F284A2 /* Main.storyboard in Resources */,
				A22258BB269CDB0200F284A2 /* Preview Assets.xcassets in Resources */,
				A22258B8269CDB0200F284A2 /* Assets.xcassets in Resources */,
			);
			runOnlyForDeploymentPostprocessing = 0;
		};
/* End PBXResourcesBuildPhase section */

/* Begin PBXSourcesBuildPhase section */
		A22258AD269CDB0100F284A2 /* Sources */ = {
			isa = PBXSourcesBuildPhase;
			buildActionMask = 2147483647;
			files = (
				A20105F3269D39EF001696C0 /* TestView.swift in Sources */,
				A22258C5269CDB5F00F284A2 /* helper.swift in Sources */,
				A22258B6269CDB0100F284A2 /* ContentView.swift in Sources */,
				A22258B4269CDB0100F284A2 /* AppDelegate.swift in Sources */,
			);
			runOnlyForDeploymentPostprocessing = 0;
		};
/* End PBXSourcesBuildPhase section */

/* Begin PBXVariantGroup section */
		A22258BC269CDB0200F284A2 /* Main.storyboard */ = {
			isa = PBXVariantGroup;
			children = (
				A22258BD269CDB0200F284A2 /* Base */,
			);
			name = Main.storyboard;
			sourceTree = "<group>";
		};
/* End PBXVariantGroup section */

/* Begin XCBuildConfiguration section */
		A22258A8269CDA8000F284A2 /* Debug */ = {
			isa = XCBuildConfiguration;
			buildSettings = {
				ALWAYS_SEARCH_USER_PATHS = NO;
				CLANG_ANALYZER_NONNULL = YES;
				CLANG_ANALYZER_NUMBER_OBJECT_CONVERSION = YES_AGGRESSIVE;
				CLANG_CXX_LANGUAGE_STANDARD = "gnu++14";
				CLANG_CXX_LIBRARY = "libc++";
				CLANG_ENABLE_MODULES = YES;
				CLANG_ENABLE_OBJC_ARC = YES;
				CLANG_ENABLE_OBJC_WEAK = YES;
				CLANG_WARN_BLOCK_CAPTURE_AUTORELEASING = YES;
				CLANG_WARN_BOOL_CONVERSION = YES;
				CLANG_WARN_COMMA = YES;
				CLANG_WARN_CONSTANT_CONVERSION = YES;
				CLANG_WARN_DEPRECATED_OBJC_IMPLEMENTATIONS = YES;
				CLANG_WARN_DIRECT_OBJC_ISA_USAGE = YES_ERROR;
				CLANG_WARN_DOCUMENTATION_COMMENTS = YES;
				CLANG_WARN_EMPTY_BODY = YES;
				CLANG_WARN_ENUM_CONVERSION = YES;
				CLANG_WARN_INFINITE_RECURSION = YES;
				CLANG_WARN_INT_CONVERSION = YES;
				CLANG_WARN_NON_LITERAL_NULL_CONVERSION = YES;
				CLANG_WARN_OBJC_IMPLICIT_RETAIN_SELF = YES;
				CLANG_WARN_OBJC_LITERAL_CONVERSION = YES;
				CLANG_WARN_OBJC_ROOT_CLASS = YES_ERROR;
				CLANG_WARN_QUOTED_INCLUDE_IN_FRAMEWORK_HEADER = YES;
				CLANG_WARN_RANGE_LOOP_ANALYSIS = YES;
				CLANG_WARN_STRICT_PROTOTYPES = YES;
				CLANG_WARN_SUSPICIOUS_MOVE = YES;
				CLANG_WARN_UNGUARDED_AVAILABILITY = YES_AGGRESSIVE;
				CLANG_WARN_UNREACHABLE_CODE = YES;
				CLANG_WARN__DUPLICATE_METHOD_MATCH = YES;
				COPY_PHASE_STRIP = NO;
				DEBUG_INFORMATION_FORMAT = dwarf;
				ENABLE_STRICT_OBJC_MSGSEND = YES;
				ENABLE_TESTABILITY = YES;
				GCC_C_LANGUAGE_STANDARD = gnu11;
				GCC_DYNAMIC_NO_PIC = NO;
				GCC_NO_COMMON_BLOCKS = YES;
				GCC_OPTIMIZATION_LEVEL = 0;
				GCC_PREPROCESSOR_DEFINITIONS = (
					"DEBUG=1",
					"$(inherited)",
				);
				GCC_WARN_64_TO_32_BIT_CONVERSION = YES;
				GCC_WARN_ABOUT_RETURN_TYPE = YES_ERROR;
				GCC_WARN_UNDECLARED_SELECTOR = YES;
				GCC_WARN_UNINITIALIZED_AUTOS = YES_AGGRESSIVE;
				GCC_WARN_UNUSED_FUNCTION = YES;
				GCC_WARN_UNUSED_VARIABLE = YES;
				IPHONEOS_DEPLOYMENT_TARGET = 14.5;
				MTL_ENABLE_DEBUG_INFO = INCLUDE_SOURCE;
				MTL_FAST_MATH = YES;
				ONLY_ACTIVE_ARCH = YES;
				SDKROOT = iphoneos;
				SWIFT_ACTIVE_COMPILATION_CONDITIONS = DEBUG;
				SWIFT_OPTIMIZATION_LEVEL = "-Onone";
			};
			name = Debug;
		};
		A22258A9269CDA8000F284A2 /* Release */ = {
			isa = XCBuildConfiguration;
			buildSettings = {
				ALWAYS_SEARCH_USER_PATHS = NO;
				CLANG_ANALYZER_NONNULL = YES;
				CLANG_ANALYZER_NUMBER_OBJECT_CONVERSION = YES_AGGRESSIVE;
				CLANG_CXX_LANGUAGE_STANDARD = "gnu++14";
				CLANG_CXX_LIBRARY = "libc++";
				CLANG_ENABLE_MODULES = YES;
				CLANG_ENABLE_OBJC_ARC = YES;
				CLANG_ENABLE_OBJC_WEAK = YES;
				CLANG_WARN_BLOCK_CAPTURE_AUTORELEASING = YES;
				CLANG_WARN_BOOL_CONVERSION = YES;
				CLANG_WARN_COMMA = YES;
				CLANG_WARN_CONSTANT_CONVERSION = YES;
				CLANG_WARN_DEPRECATED_OBJC_IMPLEMENTATIONS = YES;
				CLANG_WARN_DIRECT_OBJC_ISA_USAGE = YES_ERROR;
				CLANG_WARN_DOCUMENTATION_COMMENTS = YES;
				CLANG_WARN_EMPTY_BODY = YES;
				CLANG_WARN_ENUM_CONVERSION = YES;
				CLANG_WARN_INFINITE_RECURSION = YES;
				CLANG_WARN_INT_CONVERSION = YES;
				CLANG_WARN_NON_LITERAL_NULL_CONVERSION = YES;
				CLANG_WARN_OBJC_IMPLICIT_RETAIN_SELF = YES;
				CLANG_WARN_OBJC_LITERAL_CONVERSION = YES;
				CLANG_WARN_OBJC_ROOT_CLASS = YES_ERROR;
				CLANG_WARN_QUOTED_INCLUDE_IN_FRAMEWORK_HEADER = YES;
				CLANG_WARN_RANGE_LOOP_ANALYSIS = YES;
				CLANG_WARN_STRICT_PROTOTYPES = YES;
				CLANG_WARN_SUSPICIOUS_MOVE = YES;
				CLANG_WARN_UNGUARDED_AVAILABILITY = YES_AGGRESSIVE;
				CLANG_WARN_UNREACHABLE_CODE = YES;
				CLANG_WARN__DUPLICATE_METHOD_MATCH = YES;
				COPY_PHASE_STRIP = NO;
				DEBUG_INFORMATION_FORMAT = "dwarf-with-dsym";
				ENABLE_NS_ASSERTIONS = NO;
				ENABLE_STRICT_OBJC_MSGSEND = YES;
				GCC_C_LANGUAGE_STANDARD = gnu11;
				GCC_NO_COMMON_BLOCKS = YES;
				GCC_WARN_64_TO_32_BIT_CONVERSION = YES;
				GCC_WARN_ABOUT_RETURN_TYPE = YES_ERROR;
				GCC_WARN_UNDECLARED_SELECTOR = YES;
				GCC_WARN_UNINITIALIZED_AUTOS = YES_AGGRESSIVE;
				GCC_WARN_UNUSED_FUNCTION = YES;
				GCC_WARN_UNUSED_VARIABLE = YES;
				IPHONEOS_DEPLOYMENT_TARGET = 14.5;
				MTL_ENABLE_DEBUG_INFO = NO;
				MTL_FAST_MATH = YES;
				SDKROOT = iphoneos;
				SWIFT_COMPILATION_MODE = wholemodule;
				SWIFT_OPTIMIZATION_LEVEL = "-O";
				VALIDATE_PRODUCT = YES;
			};
			name = Release;
		};
		A22258C2269CDB0200F284A2 /* Debug */ = {
			isa = XCBuildConfiguration;
			buildSettings = {
				ASSETCATALOG_COMPILER_APPICON_NAME = AppIcon;
				ASSETCATALOG_COMPILER_GLOBAL_ACCENT_COLOR_NAME = AccentColor;
				CODE_SIGN_ENTITLEMENTS = SoyuzMac_Mac/SoyuzMac_Mac.entitlements;
				CODE_SIGN_STYLE = Automatic;
				COMBINE_HIDPI_IMAGES = YES;
				CURRENT_PROJECT_VERSION = 1A104;
				DEVELOPMENT_ASSET_PATHS = "\"SoyuzMac_Mac/Preview Content\"";
				DEVELOPMENT_TEAM = A97W42FALD;
				ENABLE_HARDENED_RUNTIME = YES;
				ENABLE_PREVIEWS = YES;
				INFOPLIST_FILE = SoyuzMac_Mac/Info.plist;
				LD_RUNPATH_SEARCH_PATHS = (
					"$(inherited)",
					"@executable_path/../Frameworks",
				);
				MACOSX_DEPLOYMENT_TARGET = 10.15;
				MARKETING_VERSION = 1.4;
				PRODUCT_BUNDLE_IDENTIFIER = "com.blackglove.dev.SoyuzMac-Mac";
				PRODUCT_NAME = "$(TARGET_NAME)";
				SDKROOT = macosx;
				SWIFT_VERSION = 5.0;
			};
			name = Debug;
		};
		A22258C3269CDB0200F284A2 /* Release */ = {
			isa = XCBuildConfiguration;
			buildSettings = {
				ASSETCATALOG_COMPILER_APPICON_NAME = AppIcon;
				ASSETCATALOG_COMPILER_GLOBAL_ACCENT_COLOR_NAME = AccentColor;
				CODE_SIGN_ENTITLEMENTS = SoyuzMac_Mac/SoyuzMac_Mac.entitlements;
				CODE_SIGN_STYLE = Automatic;
				COMBINE_HIDPI_IMAGES = YES;
				CURRENT_PROJECT_VERSION = 1A104;
				DEVELOPMENT_ASSET_PATHS = "\"SoyuzMac_Mac/Preview Content\"";
				DEVELOPMENT_TEAM = A97W42FALD;
				ENABLE_HARDENED_RUNTIME = YES;
				ENABLE_PREVIEWS = YES;
				INFOPLIST_FILE = SoyuzMac_Mac/Info.plist;
				LD_RUNPATH_SEARCH_PATHS = (
					"$(inherited)",
					"@executable_path/../Frameworks",
				);
				MACOSX_DEPLOYMENT_TARGET = 10.15;
				MARKETING_VERSION = 1.4;
				PRODUCT_BUNDLE_IDENTIFIER = "com.blackglove.dev.SoyuzMac-Mac";
				PRODUCT_NAME = "$(TARGET_NAME)";
				SDKROOT = macosx;
				SWIFT_VERSION = 5.0;
			};
			name = Release;
		};
/* End XCBuildConfiguration section */

/* Begin XCConfigurationList section */
		A2225891269CDA8000F284A2 /* Build configuration list for PBXProject "AssetID Mac" */ = {
			isa = XCConfigurationList;
			buildConfigurations = (
				A22258A8269CDA8000F284A2 /* Debug */,
				A22258A9269CDA8000F284A2 /* Release */,
			);
			defaultConfigurationIsVisible = 0;
			defaultConfigurationName = Release;
		};
		A22258C1269CDB0200F284A2 /* Build configuration list for PBXNativeTarget "AssetID" */ = {
			isa = XCConfigurationList;
			buildConfigurations = (
				A22258C2269CDB0200F284A2 /* Debug */,
				A22258C3269CDB0200F284A2 /* Release */,
			);
			defaultConfigurationIsVisible = 0;
			defaultConfigurationName = Release;
		};
/* End XCConfigurationList section */
	};
	rootObject = A222588E269CDA8000F284A2 /* Project object */;
}
